// !$*UTF8*$!
{
	archiveVersion = 1;
	classes = {
	};
	objectVersion = 51;
	objects = {

/* Begin PBXBuildFile section */
		317C26931BE03A2D535A4827 /* Pods_tdd_testingTests.framework in Frameworks */ = {isa = PBXBuildFile; fileRef = 6C4143E884B39EA5522E535B /* Pods_tdd_testingTests.framework */; };
		404079C524EEC99C005EB237 /* InputEmailViewModelTests.swift in Sources */ = {isa = PBXBuildFile; fileRef = 404079C424EEC99C005EB237 /* InputEmailViewModelTests.swift */; };
		404079C724EECD7C005EB237 /* InputEmailControllerTests.swift in Sources */ = {isa = PBXBuildFile; fileRef = 404079C624EECD7C005EB237 /* InputEmailControllerTests.swift */; };
		40B282F724EC244A003BB614 /* Podfile in Resources */ = {isa = PBXBuildFile; fileRef = 40B282F624EC244A003BB614 /* Podfile */; };
		40BF3E7924E43AC0002D9FD0 /* StringExtensions.swift in Sources */ = {isa = PBXBuildFile; fileRef = 40BF3E7824E43AC0002D9FD0 /* StringExtensions.swift */; };
		40D5C68624EADCEB00367056 /* InputOTPViewModel.swift in Sources */ = {isa = PBXBuildFile; fileRef = 40D5C68524EADCEB00367056 /* InputOTPViewModel.swift */; };
		40D5C68824EADD0C00367056 /* InputEmailViewModel.swift in Sources */ = {isa = PBXBuildFile; fileRef = 40D5C68724EADD0C00367056 /* InputEmailViewModel.swift */; };
		40D5C68A24EAE68600367056 /* InputOTPController.swift in Sources */ = {isa = PBXBuildFile; fileRef = 40D5C68924EAE68600367056 /* InputOTPController.swift */; };
		40D5C68C24EAE6AB00367056 /* InputEmailController.swift in Sources */ = {isa = PBXBuildFile; fileRef = 40D5C68B24EAE6AB00367056 /* InputEmailController.swift */; };
		40DF4E0024E1A592002C1D73 /* AppDelegate.swift in Sources */ = {isa = PBXBuildFile; fileRef = 40DF4DFF24E1A592002C1D73 /* AppDelegate.swift */; };
		40DF4E0224E1A592002C1D73 /* SceneDelegate.swift in Sources */ = {isa = PBXBuildFile; fileRef = 40DF4E0124E1A592002C1D73 /* SceneDelegate.swift */; };
		40DF4E0724E1A592002C1D73 /* Main.storyboard in Resources */ = {isa = PBXBuildFile; fileRef = 40DF4E0524E1A592002C1D73 /* Main.storyboard */; };
		40DF4E0924E1A594002C1D73 /* Assets.xcassets in Resources */ = {isa = PBXBuildFile; fileRef = 40DF4E0824E1A594002C1D73 /* Assets.xcassets */; };
		40DF4E0C24E1A594002C1D73 /* LaunchScreen.storyboard in Resources */ = {isa = PBXBuildFile; fileRef = 40DF4E0A24E1A594002C1D73 /* LaunchScreen.storyboard */; };
		BB4ECD8526776756514AFF2C /* Pods_tdd_testing.framework in Frameworks */ = {isa = PBXBuildFile; fileRef = 2905D45BAEED8D68976749D1 /* Pods_tdd_testing.framework */; };
/* End PBXBuildFile section */

/* Begin PBXContainerItemProxy section */
		40DF4E1324E1A594002C1D73 /* PBXContainerItemProxy */ = {
			isa = PBXContainerItemProxy;
			containerPortal = 40DF4DF424E1A592002C1D73 /* Project object */;
			proxyType = 1;
			remoteGlobalIDString = 40DF4DFB24E1A592002C1D73;
			remoteInfo = tdd_testing;
		};
/* End PBXContainerItemProxy section */

/* Begin PBXFileReference section */
		10E1FDAA2E0C3AFE05C7EAAA /* Pods-tdd_testingTests.debug.xcconfig */ = {isa = PBXFileReference; includeInIndex = 1; lastKnownFileType = text.xcconfig; name = "Pods-tdd_testingTests.debug.xcconfig"; path = "Target Support Files/Pods-tdd_testingTests/Pods-tdd_testingTests.debug.xcconfig"; sourceTree = "<group>"; };
		28F5F724286907E4D5330E81 /* Pods-tdd_testingTests.release.xcconfig */ = {isa = PBXFileReference; includeInIndex = 1; lastKnownFileType = text.xcconfig; name = "Pods-tdd_testingTests.release.xcconfig"; path = "Target Support Files/Pods-tdd_testingTests/Pods-tdd_testingTests.release.xcconfig"; sourceTree = "<group>"; };
		2905D45BAEED8D68976749D1 /* Pods_tdd_testing.framework */ = {isa = PBXFileReference; explicitFileType = wrapper.framework; includeInIndex = 0; path = Pods_tdd_testing.framework; sourceTree = BUILT_PRODUCTS_DIR; };
		404079C424EEC99C005EB237 /* InputEmailViewModelTests.swift */ = {isa = PBXFileReference; lastKnownFileType = sourcecode.swift; path = InputEmailViewModelTests.swift; sourceTree = "<group>"; };
		404079C624EECD7C005EB237 /* InputEmailControllerTests.swift */ = {isa = PBXFileReference; lastKnownFileType = sourcecode.swift; path = InputEmailControllerTests.swift; sourceTree = "<group>"; };
		40B282F624EC244A003BB614 /* Podfile */ = {isa = PBXFileReference; fileEncoding = 4; lastKnownFileType = text; path = Podfile; sourceTree = "<group>"; };
		40BF3E7824E43AC0002D9FD0 /* StringExtensions.swift */ = {isa = PBXFileReference; lastKnownFileType = sourcecode.swift; path = StringExtensions.swift; sourceTree = "<group>"; };
		40D5C68524EADCEB00367056 /* InputOTPViewModel.swift */ = {isa = PBXFileReference; lastKnownFileType = sourcecode.swift; path = InputOTPViewModel.swift; sourceTree = "<group>"; };
		40D5C68724EADD0C00367056 /* InputEmailViewModel.swift */ = {isa = PBXFileReference; lastKnownFileType = sourcecode.swift; path = InputEmailViewModel.swift; sourceTree = "<group>"; };
		40D5C68924EAE68600367056 /* InputOTPController.swift */ = {isa = PBXFileReference; fileEncoding = 4; lastKnownFileType = sourcecode.swift; path = InputOTPController.swift; sourceTree = "<group>"; };
		40D5C68B24EAE6AB00367056 /* InputEmailController.swift */ = {isa = PBXFileReference; fileEncoding = 4; lastKnownFileType = sourcecode.swift; path = InputEmailController.swift; sourceTree = "<group>"; };
		40DF4DFC24E1A592002C1D73 /* tdd_testing.app */ = {isa = PBXFileReference; explicitFileType = wrapper.application; includeInIndex = 0; path = tdd_testing.app; sourceTree = BUILT_PRODUCTS_DIR; };
		40DF4DFF24E1A592002C1D73 /* AppDelegate.swift */ = {isa = PBXFileReference; lastKnownFileType = sourcecode.swift; path = AppDelegate.swift; sourceTree = "<group>"; };
		40DF4E0124E1A592002C1D73 /* SceneDelegate.swift */ = {isa = PBXFileReference; lastKnownFileType = sourcecode.swift; path = SceneDelegate.swift; sourceTree = "<group>"; };
		40DF4E0624E1A592002C1D73 /* Base */ = {isa = PBXFileReference; lastKnownFileType = file.storyboard; name = Base; path = Base.lproj/Main.storyboard; sourceTree = "<group>"; };
		40DF4E0824E1A594002C1D73 /* Assets.xcassets */ = {isa = PBXFileReference; lastKnownFileType = folder.assetcatalog; path = Assets.xcassets; sourceTree = "<group>"; };
		40DF4E0B24E1A594002C1D73 /* Base */ = {isa = PBXFileReference; lastKnownFileType = file.storyboard; name = Base; path = Base.lproj/LaunchScreen.storyboard; sourceTree = "<group>"; };
		40DF4E0D24E1A594002C1D73 /* Info.plist */ = {isa = PBXFileReference; lastKnownFileType = text.plist.xml; path = Info.plist; sourceTree = "<group>"; };
		40DF4E1224E1A594002C1D73 /* tdd_testingTests.xctest */ = {isa = PBXFileReference; explicitFileType = wrapper.cfbundle; includeInIndex = 0; path = tdd_testingTests.xctest; sourceTree = BUILT_PRODUCTS_DIR; };
		40DF4E1824E1A594002C1D73 /* Info.plist */ = {isa = PBXFileReference; lastKnownFileType = text.plist.xml; path = Info.plist; sourceTree = "<group>"; };
		4EC41F677931EFEF4262CF68 /* Pods-tdd_testing.debug.xcconfig */ = {isa = PBXFileReference; includeInIndex = 1; lastKnownFileType = text.xcconfig; name = "Pods-tdd_testing.debug.xcconfig"; path = "Target Support Files/Pods-tdd_testing/Pods-tdd_testing.debug.xcconfig"; sourceTree = "<group>"; };
		525E05FE92B8B3B5500E7CC2 /* Pods-tdd_testing.release.xcconfig */ = {isa = PBXFileReference; includeInIndex = 1; lastKnownFileType = text.xcconfig; name = "Pods-tdd_testing.release.xcconfig"; path = "Target Support Files/Pods-tdd_testing/Pods-tdd_testing.release.xcconfig"; sourceTree = "<group>"; };
		6C4143E884B39EA5522E535B /* Pods_tdd_testingTests.framework */ = {isa = PBXFileReference; explicitFileType = wrapper.framework; includeInIndex = 0; path = Pods_tdd_testingTests.framework; sourceTree = BUILT_PRODUCTS_DIR; };
/* End PBXFileReference section */

/* Begin PBXFrameworksBuildPhase section */
		40DF4DF924E1A592002C1D73 /* Frameworks */ = {
			isa = PBXFrameworksBuildPhase;
			buildActionMask = 2147483647;
			files = (
				BB4ECD8526776756514AFF2C /* Pods_tdd_testing.framework in Frameworks */,
			);
			runOnlyForDeploymentPostprocessing = 0;
		};
		40DF4E0F24E1A594002C1D73 /* Frameworks */ = {
			isa = PBXFrameworksBuildPhase;
			buildActionMask = 2147483647;
			files = (
				317C26931BE03A2D535A4827 /* Pods_tdd_testingTests.framework in Frameworks */,
			);
			runOnlyForDeploymentPostprocessing = 0;
		};
/* End PBXFrameworksBuildPhase section */

/* Begin PBXGroup section */
		0421CBB5FDAE029C16709616 /* Frameworks */ = {
			isa = PBXGroup;
			children = (
				2905D45BAEED8D68976749D1 /* Pods_tdd_testing.framework */,
				6C4143E884B39EA5522E535B /* Pods_tdd_testingTests.framework */,
			);
			name = Frameworks;
			sourceTree = "<group>";
		};
		40BF3E7524E43A81002D9FD0 /* Model */ = {
			isa = PBXGroup;
			children = (
			);
			path = Model;
			sourceTree = "<group>";
		};
		40BF3E7624E43A8E002D9FD0 /* View */ = {
			isa = PBXGroup;
			children = (
				40D5C68B24EAE6AB00367056 /* InputEmailController.swift */,
				40D5C68924EAE68600367056 /* InputOTPController.swift */,
			);
			path = View;
			sourceTree = "<group>";
		};
		40BF3E7724E43A94002D9FD0 /* ViewModel */ = {
			isa = PBXGroup;
			children = (
				40D5C68724EADD0C00367056 /* InputEmailViewModel.swift */,
				40D5C68524EADCEB00367056 /* InputOTPViewModel.swift */,
			);
			path = ViewModel;
			sourceTree = "<group>";
		};
		40DF4DF324E1A592002C1D73 = {
			isa = PBXGroup;
			children = (
				40DF4DFE24E1A592002C1D73 /* tdd_testing */,
				40DF4E1524E1A594002C1D73 /* tdd_testingTests */,
				40DF4DFD24E1A592002C1D73 /* Products */,
				40B282F624EC244A003BB614 /* Podfile */,
				445FA1668C7104A2297C17F5 /* Pods */,
				0421CBB5FDAE029C16709616 /* Frameworks */,
			);
			sourceTree = "<group>";
		};
		40DF4DFD24E1A592002C1D73 /* Products */ = {
			isa = PBXGroup;
			children = (
				40DF4DFC24E1A592002C1D73 /* tdd_testing.app */,
				40DF4E1224E1A594002C1D73 /* tdd_testingTests.xctest */,
			);
			name = Products;
			sourceTree = "<group>";
		};
		40DF4DFE24E1A592002C1D73 /* tdd_testing */ = {
			isa = PBXGroup;
			children = (
				40BF3E7524E43A81002D9FD0 /* Model */,
				40BF3E7624E43A8E002D9FD0 /* View */,
				40BF3E7724E43A94002D9FD0 /* ViewModel */,
				40DF4DFF24E1A592002C1D73 /* AppDelegate.swift */,
				40DF4E0124E1A592002C1D73 /* SceneDelegate.swift */,
				40DF4E0524E1A592002C1D73 /* Main.storyboard */,
				40DF4E0824E1A594002C1D73 /* Assets.xcassets */,
				40DF4E0A24E1A594002C1D73 /* LaunchScreen.storyboard */,
				40DF4E0D24E1A594002C1D73 /* Info.plist */,
				40BF3E7824E43AC0002D9FD0 /* StringExtensions.swift */,
			);
			path = tdd_testing;
			sourceTree = "<group>";
		};
		40DF4E1524E1A594002C1D73 /* tdd_testingTests */ = {
			isa = PBXGroup;
			children = (
				404079C424EEC99C005EB237 /* InputEmailViewModelTests.swift */,
				404079C624EECD7C005EB237 /* InputEmailControllerTests.swift */,
				40DF4E1824E1A594002C1D73 /* Info.plist */,
			);
			path = tdd_testingTests;
			sourceTree = "<group>";
		};
		445FA1668C7104A2297C17F5 /* Pods */ = {
			isa = PBXGroup;
			children = (
				4EC41F677931EFEF4262CF68 /* Pods-tdd_testing.debug.xcconfig */,
				525E05FE92B8B3B5500E7CC2 /* Pods-tdd_testing.release.xcconfig */,
				10E1FDAA2E0C3AFE05C7EAAA /* Pods-tdd_testingTests.debug.xcconfig */,
				28F5F724286907E4D5330E81 /* Pods-tdd_testingTests.release.xcconfig */,
			);
			path = Pods;
			sourceTree = "<group>";
		};
/* End PBXGroup section */

/* Begin PBXNativeTarget section */
		40DF4DFB24E1A592002C1D73 /* tdd_testing */ = {
			isa = PBXNativeTarget;
			buildConfigurationList = 40DF4E1B24E1A594002C1D73 /* Build configuration list for PBXNativeTarget "tdd_testing" */;
			buildPhases = (
				57F1B19EF35B2E697300C544 /* [CP] Check Pods Manifest.lock */,
				40DF4DF824E1A592002C1D73 /* Sources */,
				40DF4DF924E1A592002C1D73 /* Frameworks */,
				40DF4DFA24E1A592002C1D73 /* Resources */,
				88F5445165B0C03507D18E51 /* [CP] Embed Pods Frameworks */,
			);
			buildRules = (
			);
			dependencies = (
			);
			name = tdd_testing;
			productName = tdd_testing;
			productReference = 40DF4DFC24E1A592002C1D73 /* tdd_testing.app */;
			productType = "com.apple.product-type.application";
		};
		40DF4E1124E1A594002C1D73 /* tdd_testingTests */ = {
			isa = PBXNativeTarget;
			buildConfigurationList = 40DF4E1E24E1A594002C1D73 /* Build configuration list for PBXNativeTarget "tdd_testingTests" */;
			buildPhases = (
				A0189825ADCBF07653DA5B19 /* [CP] Check Pods Manifest.lock */,
				40DF4E0E24E1A594002C1D73 /* Sources */,
				40DF4E0F24E1A594002C1D73 /* Frameworks */,
				40DF4E1024E1A594002C1D73 /* Resources */,
				F8BC2100177AF50C1DD1974D /* [CP] Embed Pods Frameworks */,
			);
			buildRules = (
			);
			dependencies = (
				40DF4E1424E1A594002C1D73 /* PBXTargetDependency */,
			);
			name = tdd_testingTests;
			productName = tdd_testingTests;
			productReference = 40DF4E1224E1A594002C1D73 /* tdd_testingTests.xctest */;
			productType = "com.apple.product-type.bundle.unit-test";
		};
/* End PBXNativeTarget section */

/* Begin PBXProject section */
		40DF4DF424E1A592002C1D73 /* Project object */ = {
			isa = PBXProject;
			attributes = {
				LastSwiftUpdateCheck = 1120;
				LastUpgradeCheck = 1120;
				ORGANIZATIONNAME = "Tran Thien Hao";
				TargetAttributes = {
					40DF4DFB24E1A592002C1D73 = {
						CreatedOnToolsVersion = 11.2;
					};
					40DF4E1124E1A594002C1D73 = {
						CreatedOnToolsVersion = 11.2;
						TestTargetID = 40DF4DFB24E1A592002C1D73;
					};
				};
			};
			buildConfigurationList = 40DF4DF724E1A592002C1D73 /* Build configuration list for PBXProject "tdd_testing" */;
			compatibilityVersion = "Xcode 9.3";
			developmentRegion = en;
			hasScannedForEncodings = 0;
			knownRegions = (
				en,
				Base,
			);
			mainGroup = 40DF4DF324E1A592002C1D73;
			productRefGroup = 40DF4DFD24E1A592002C1D73 /* Products */;
			projectDirPath = "";
			projectRoot = "";
			targets = (
				40DF4DFB24E1A592002C1D73 /* tdd_testing */,
				40DF4E1124E1A594002C1D73 /* tdd_testingTests */,
			);
		};
/* End PBXProject section */

/* Begin PBXResourcesBuildPhase section */
		40DF4DFA24E1A592002C1D73 /* Resources */ = {
			isa = PBXResourcesBuildPhase;
			buildActionMask = 2147483647;
			files = (
				40DF4E0C24E1A594002C1D73 /* LaunchScreen.storyboard in Resources */,
				40DF4E0924E1A594002C1D73 /* Assets.xcassets in Resources */,
				40B282F724EC244A003BB614 /* Podfile in Resources */,
				40DF4E0724E1A592002C1D73 /* Main.storyboard in Resources */,
			);
			runOnlyForDeploymentPostprocessing = 0;
		};
		40DF4E1024E1A594002C1D73 /* Resources */ = {
			isa = PBXResourcesBuildPhase;
			buildActionMask = 2147483647;
			files = (
			);
			runOnlyForDeploymentPostprocessing = 0;
		};
/* End PBXResourcesBuildPhase section */

/* Begin PBXShellScriptBuildPhase section */
		57F1B19EF35B2E697300C544 /* [CP] Check Pods Manifest.lock */ = {
			isa = PBXShellScriptBuildPhase;
			buildActionMask = 2147483647;
			files = (
			);
			inputFileListPaths = (
			);
			inputPaths = (
				"${PODS_PODFILE_DIR_PATH}/Podfile.lock",
				"${PODS_ROOT}/Manifest.lock",
			);
			name = "[CP] Check Pods Manifest.lock";
			outputFileListPaths = (
			);
			outputPaths = (
				"$(DERIVED_FILE_DIR)/Pods-tdd_testing-checkManifestLockResult.txt",
			);
			runOnlyForDeploymentPostprocessing = 0;
			shellPath = /bin/sh;
			shellScript = "diff \"${PODS_PODFILE_DIR_PATH}/Podfile.lock\" \"${PODS_ROOT}/Manifest.lock\" > /dev/null\nif [ $? != 0 ] ; then\n    # print error to STDERR\n    echo \"error: The sandbox is not in sync with the Podfile.lock. Run 'pod install' or update your CocoaPods installation.\" >&2\n    exit 1\nfi\n# This output is used by Xcode 'outputs' to avoid re-running this script phase.\necho \"SUCCESS\" > \"${SCRIPT_OUTPUT_FILE_0}\"\n";
			showEnvVarsInLog = 0;
		};
		88F5445165B0C03507D18E51 /* [CP] Embed Pods Frameworks */ = {
			isa = PBXShellScriptBuildPhase;
			buildActionMask = 2147483647;
			files = (
			);
			inputFileListPaths = (
				"${PODS_ROOT}/Target Support Files/Pods-tdd_testing/Pods-tdd_testing-frameworks-${CONFIGURATION}-input-files.xcfilelist",
			);
			name = "[CP] Embed Pods Frameworks";
			outputFileListPaths = (
				"${PODS_ROOT}/Target Support Files/Pods-tdd_testing/Pods-tdd_testing-frameworks-${CONFIGURATION}-output-files.xcfilelist",
			);
			runOnlyForDeploymentPostprocessing = 0;
			shellPath = /bin/sh;
			shellScript = "\"${PODS_ROOT}/Target Support Files/Pods-tdd_testing/Pods-tdd_testing-frameworks.sh\"\n";
			showEnvVarsInLog = 0;
		};
		A0189825ADCBF07653DA5B19 /* [CP] Check Pods Manifest.lock */ = {
			isa = PBXShellScriptBuildPhase;
			buildActionMask = 2147483647;
			files = (
			);
			inputFileListPaths = (
			);
			inputPaths = (
				"${PODS_PODFILE_DIR_PATH}/Podfile.lock",
				"${PODS_ROOT}/Manifest.lock",
			);
			name = "[CP] Check Pods Manifest.lock";
			outputFileListPaths = (
			);
			outputPaths = (
				"$(DERIVED_FILE_DIR)/Pods-tdd_testingTests-checkManifestLockResult.txt",
			);
			runOnlyForDeploymentPostprocessing = 0;
			shellPath = /bin/sh;
			shellScript = "diff \"${PODS_PODFILE_DIR_PATH}/Podfile.lock\" \"${PODS_ROOT}/Manifest.lock\" > /dev/null\nif [ $? != 0 ] ; then\n    # print error to STDERR\n    echo \"error: The sandbox is not in sync with the Podfile.lock. Run 'pod install' or update your CocoaPods installation.\" >&2\n    exit 1\nfi\n# This output is used by Xcode 'outputs' to avoid re-running this script phase.\necho \"SUCCESS\" > \"${SCRIPT_OUTPUT_FILE_0}\"\n";
			showEnvVarsInLog = 0;
		};
		F8BC2100177AF50C1DD1974D /* [CP] Embed Pods Frameworks */ = {
			isa = PBXShellScriptBuildPhase;
			buildActionMask = 2147483647;
			files = (
			);
			inputFileListPaths = (
				"${PODS_ROOT}/Target Support Files/Pods-tdd_testingTests/Pods-tdd_testingTests-frameworks-${CONFIGURATION}-input-files.xcfilelist",
			);
			name = "[CP] Embed Pods Frameworks";
			outputFileListPaths = (
				"${PODS_ROOT}/Target Support Files/Pods-tdd_testingTests/Pods-tdd_testingTests-frameworks-${CONFIGURATION}-output-files.xcfilelist",
			);
			runOnlyForDeploymentPostprocessing = 0;
			shellPath = /bin/sh;
			shellScript = "\"${PODS_ROOT}/Target Support Files/Pods-tdd_testingTests/Pods-tdd_testingTests-frameworks.sh\"\n";
			showEnvVarsInLog = 0;
		};
/* End PBXShellScriptBuildPhase section */

/* Begin PBXSourcesBuildPhase section */
		40DF4DF824E1A592002C1D73 /* Sources */ = {
			isa = PBXSourcesBuildPhase;
			buildActionMask = 2147483647;
			files = (
				40BF3E7924E43AC0002D9FD0 /* StringExtensions.swift in Sources */,
				40D5C68624EADCEB00367056 /* InputOTPViewModel.swift in Sources */,
				40D5C68A24EAE68600367056 /* InputOTPController.swift in Sources */,
				40DF4E0024E1A592002C1D73 /* AppDelegate.swift in Sources */,
				40D5C68C24EAE6AB00367056 /* InputEmailController.swift in Sources */,
				40D5C68824EADD0C00367056 /* InputEmailViewModel.swift in Sources */,
				40DF4E0224E1A592002C1D73 /* SceneDelegate.swift in Sources */,
			);
			runOnlyForDeploymentPostprocessing = 0;
		};
		40DF4E0E24E1A594002C1D73 /* Sources */ = {
			isa = PBXSourcesBuildPhase;
			buildActionMask = 2147483647;
			files = (
				404079C524EEC99C005EB237 /* InputEmailViewModelTests.swift in Sources */,
				404079C724EECD7C005EB237 /* InputEmailControllerTests.swift in Sources */,
			);
			runOnlyForDeploymentPostprocessing = 0;
		};
/* End PBXSourcesBuildPhase section */

/* Begin PBXTargetDependency section */
		40DF4E1424E1A594002C1D73 /* PBXTargetDependency */ = {
			isa = PBXTargetDependency;
			target = 40DF4DFB24E1A592002C1D73 /* tdd_testing */;
			targetProxy = 40DF4E1324E1A594002C1D73 /* PBXContainerItemProxy */;
		};
/* End PBXTargetDependency section */

/* Begin PBXVariantGroup section */
		40DF4E0524E1A592002C1D73 /* Main.storyboard */ = {
			isa = PBXVariantGroup;
			children = (
				40DF4E0624E1A592002C1D73 /* Base */,
			);
			name = Main.storyboard;
			sourceTree = "<group>";
		};
		40DF4E0A24E1A594002C1D73 /* LaunchScreen.storyboard */ = {
			isa = PBXVariantGroup;
			children = (
				40DF4E0B24E1A594002C1D73 /* Base */,
			);
			name = LaunchScreen.storyboard;
			sourceTree = "<group>";
		};
/* End PBXVariantGroup section */

/* Begin XCBuildConfiguration section */
		40DF4E1924E1A594002C1D73 /* Debug */ = {
			isa = XCBuildConfiguration;
			buildSettings = {
				ALWAYS_SEARCH_USER_PATHS = NO;
				CLANG_ANALYZER_NONNULL = YES;
				CLANG_ANALYZER_NUMBER_OBJECT_CONVERSION = YES_AGGRESSIVE;
				CLANG_CXX_LANGUAGE_STANDARD = "gnu++14";
				CLANG_CXX_LIBRARY = "libc++";
				CLANG_ENABLE_MODULES = YES;
				CLANG_ENABLE_OBJC_ARC = YES;
				CLANG_ENABLE_OBJC_WEAK = YES;
				CLANG_WARN_BLOCK_CAPTURE_AUTORELEASING = YES;
				CLANG_WARN_BOOL_CONVERSION = YES;
				CLANG_WARN_COMMA = YES;
				CLANG_WARN_CONSTANT_CONVERSION = YES;
				CLANG_WARN_DEPRECATED_OBJC_IMPLEMENTATIONS = YES;
				CLANG_WARN_DIRECT_OBJC_ISA_USAGE = YES_ERROR;
				CLANG_WARN_DOCUMENTATION_COMMENTS = YES;
				CLANG_WARN_EMPTY_BODY = YES;
				CLANG_WARN_ENUM_CONVERSION = YES;
				CLANG_WARN_INFINITE_RECURSION = YES;
				CLANG_WARN_INT_CONVERSION = YES;
				CLANG_WARN_NON_LITERAL_NULL_CONVERSION = YES;
				CLANG_WARN_OBJC_IMPLICIT_RETAIN_SELF = YES;
				CLANG_WARN_OBJC_LITERAL_CONVERSION = YES;
				CLANG_WARN_OBJC_ROOT_CLASS = YES_ERROR;
				CLANG_WARN_RANGE_LOOP_ANALYSIS = YES;
				CLANG_WARN_STRICT_PROTOTYPES = YES;
				CLANG_WARN_SUSPICIOUS_MOVE = YES;
				CLANG_WARN_UNGUARDED_AVAILABILITY = YES_AGGRESSIVE;
				CLANG_WARN_UNREACHABLE_CODE = YES;
				CLANG_WARN__DUPLICATE_METHOD_MATCH = YES;
				COPY_PHASE_STRIP = NO;
				DEBUG_INFORMATION_FORMAT = dwarf;
				ENABLE_STRICT_OBJC_MSGSEND = YES;
				ENABLE_TESTABILITY = YES;
				GCC_C_LANGUAGE_STANDARD = gnu11;
				GCC_DYNAMIC_NO_PIC = NO;
				GCC_NO_COMMON_BLOCKS = YES;
				GCC_OPTIMIZATION_LEVEL = 0;
				GCC_PREPROCESSOR_DEFINITIONS = (
					"DEBUG=1",
					"$(inherited)",
				);
				GCC_WARN_64_TO_32_BIT_CONVERSION = YES;
				GCC_WARN_ABOUT_RETURN_TYPE = YES_ERROR;
				GCC_WARN_UNDECLARED_SELECTOR = YES;
				GCC_WARN_UNINITIALIZED_AUTOS = YES_AGGRESSIVE;
				GCC_WARN_UNUSED_FUNCTION = YES;
				GCC_WARN_UNUSED_VARIABLE = YES;
				IPHONEOS_DEPLOYMENT_TARGET = 13.2;
				MTL_ENABLE_DEBUG_INFO = INCLUDE_SOURCE;
				MTL_FAST_MATH = YES;
				ONLY_ACTIVE_ARCH = YES;
				SDKROOT = iphoneos;
				SWIFT_ACTIVE_COMPILATION_CONDITIONS = DEBUG;
				SWIFT_OPTIMIZATION_LEVEL = "-Onone";
			};
			name = Debug;
		};
		40DF4E1A24E1A594002C1D73 /* Release */ = {
			isa = XCBuildConfiguration;
			buildSettings = {
				ALWAYS_SEARCH_USER_PATHS = NO;
				CLANG_ANALYZER_NONNULL = YES;
				CLANG_ANALYZER_NUMBER_OBJECT_CONVERSION = YES_AGGRESSIVE;
				CLANG_CXX_LANGUAGE_STANDARD = "gnu++14";
				CLANG_CXX_LIBRARY = "libc++";
				CLANG_ENABLE_MODULES = YES;
				CLANG_ENABLE_OBJC_ARC = YES;
				CLANG_ENABLE_OBJC_WEAK = YES;
				CLANG_WARN_BLOCK_CAPTURE_AUTORELEASING = YES;
				CLANG_WARN_BOOL_CONVERSION = YES;
				CLANG_WARN_COMMA = YES;
				CLANG_WARN_CONSTANT_CONVERSION = YES;
				CLANG_WARN_DEPRECATED_OBJC_IMPLEMENTATIONS = YES;
				CLANG_WARN_DIRECT_OBJC_ISA_USAGE = YES_ERROR;
				CLANG_WARN_DOCUMENTATION_COMMENTS = YES;
				CLANG_WARN_EMPTY_BODY = YES;
				CLANG_WARN_ENUM_CONVERSION = YES;
				CLANG_WARN_INFINITE_RECURSION = YES;
				CLANG_WARN_INT_CONVERSION = YES;
				CLANG_WARN_NON_LITERAL_NULL_CONVERSION = YES;
				CLANG_WARN_OBJC_IMPLICIT_RETAIN_SELF = YES;
				CLANG_WARN_OBJC_LITERAL_CONVERSION = YES;
				CLANG_WARN_OBJC_ROOT_CLASS = YES_ERROR;
				CLANG_WARN_RANGE_LOOP_ANALYSIS = YES;
				CLANG_WARN_STRICT_PROTOTYPES = YES;
				CLANG_WARN_SUSPICIOUS_MOVE = YES;
				CLANG_WARN_UNGUARDED_AVAILABILITY = YES_AGGRESSIVE;
				CLANG_WARN_UNREACHABLE_CODE = YES;
				CLANG_WARN__DUPLICATE_METHOD_MATCH = YES;
				COPY_PHASE_STRIP = NO;
				DEBUG_INFORMATION_FORMAT = "dwarf-with-dsym";
				ENABLE_NS_ASSERTIONS = NO;
				ENABLE_STRICT_OBJC_MSGSEND = YES;
				GCC_C_LANGUAGE_STANDARD = gnu11;
				GCC_NO_COMMON_BLOCKS = YES;
				GCC_WARN_64_TO_32_BIT_CONVERSION = YES;
				GCC_WARN_ABOUT_RETURN_TYPE = YES_ERROR;
				GCC_WARN_UNDECLARED_SELECTOR = YES;
				GCC_WARN_UNINITIALIZED_AUTOS = YES_AGGRESSIVE;
				GCC_WARN_UNUSED_FUNCTION = YES;
				GCC_WARN_UNUSED_VARIABLE = YES;
				IPHONEOS_DEPLOYMENT_TARGET = 13.2;
				MTL_ENABLE_DEBUG_INFO = NO;
				MTL_FAST_MATH = YES;
				SDKROOT = iphoneos;
				SWIFT_COMPILATION_MODE = wholemodule;
				SWIFT_OPTIMIZATION_LEVEL = "-O";
				VALIDATE_PRODUCT = YES;
			};
			name = Release;
		};
		40DF4E1C24E1A594002C1D73 /* Debug */ = {
			isa = XCBuildConfiguration;
			baseConfigurationReference = 4EC41F677931EFEF4262CF68 /* Pods-tdd_testing.debug.xcconfig */;
			buildSettings = {
				ASSETCATALOG_COMPILER_APPICON_NAME = AppIcon;
				CODE_SIGN_STYLE = Automatic;
				INFOPLIST_FILE = tdd_testing/Info.plist;
				LD_RUNPATH_SEARCH_PATHS = (
					"$(inherited)",
					"@executable_path/Frameworks",
				);
				PRODUCT_BUNDLE_IDENTIFIER = "com.haotranthien.tdd-testing";
				PRODUCT_NAME = "$(TARGET_NAME)";
				SWIFT_VERSION = 5.0;
				TARGETED_DEVICE_FAMILY = "1,2";
			};
			name = Debug;
		};
		40DF4E1D24E1A594002C1D73 /* Release */ = {
			isa = XCBuildConfiguration;
			baseConfigurationReference = 525E05FE92B8B3B5500E7CC2 /* Pods-tdd_testing.release.xcconfig */;
			buildSettings = {
				ASSETCATALOG_COMPILER_APPICON_NAME = AppIcon;
				CODE_SIGN_STYLE = Automatic;
				INFOPLIST_FILE = tdd_testing/Info.plist;
				LD_RUNPATH_SEARCH_PATHS = (
					"$(inherited)",
					"@executable_path/Frameworks",
				);
				PRODUCT_BUNDLE_IDENTIFIER = "com.haotranthien.tdd-testing";
				PRODUCT_NAME = "$(TARGET_NAME)";
				SWIFT_VERSION = 5.0;
				TARGETED_DEVICE_FAMILY = "1,2";
			};
			name = Release;
		};
		40DF4E1F24E1A594002C1D73 /* Debug */ = {
			isa = XCBuildConfiguration;
			baseConfigurationReference = 10E1FDAA2E0C3AFE05C7EAAA /* Pods-tdd_testingTests.debug.xcconfig */;
			buildSettings = {
				ALWAYS_EMBED_SWIFT_STANDARD_LIBRARIES = YES;
				BUNDLE_LOADER = "$(TEST_HOST)";
				CODE_SIGN_STYLE = Automatic;
				INFOPLIST_FILE = tdd_testingTests/Info.plist;
				IPHONEOS_DEPLOYMENT_TARGET = 13.2;
				LD_RUNPATH_SEARCH_PATHS = (
					"$(inherited)",
					"@executable_path/Frameworks",
					"@loader_path/Frameworks",
				);
				PRODUCT_BUNDLE_IDENTIFIER = "com.haotranthien.tdd-testingTests";
				PRODUCT_NAME = "$(TARGET_NAME)";
				SWIFT_VERSION = 5.0;
				TARGETED_DEVICE_FAMILY = "1,2";
				TEST_HOST = "$(BUILT_PRODUCTS_DIR)/tdd_testing.app/tdd_testing";
			};
			name = Debug;
		};
		40DF4E2024E1A594002C1D73 /* Release */ = {
			isa = XCBuildConfiguration;
			baseConfigurationReference = 28F5F724286907E4D5330E81 /* Pods-tdd_testingTests.release.xcconfig */;
			buildSettings = {
				ALWAYS_EMBED_SWIFT_STANDARD_LIBRARIES = YES;
				BUNDLE_LOADER = "$(TEST_HOST)";
				CODE_SIGN_STYLE = Automatic;
				INFOPLIST_FILE = tdd_testingTests/Info.plist;
				IPHONEOS_DEPLOYMENT_TARGET = 13.2;
				LD_RUNPATH_SEARCH_PATHS = (
					"$(inherited)",
					"@executable_path/Frameworks",
					"@loader_path/Frameworks",
				);
				PRODUCT_BUNDLE_IDENTIFIER = "com.haotranthien.tdd-testingTests";
				PRODUCT_NAME = "$(TARGET_NAME)";
				SWIFT_VERSION = 5.0;
				TARGETED_DEVICE_FAMILY = "1,2";
				TEST_HOST = "$(BUILT_PRODUCTS_DIR)/tdd_testing.app/tdd_testing";
			};
			name = Release;
		};
/* End XCBuildConfiguration section */

/* Begin XCConfigurationList section */
		40DF4DF724E1A592002C1D73 /* Build configuration list for PBXProject "tdd_testing" */ = {
			isa = XCConfigurationList;
			buildConfigurations = (
				40DF4E1924E1A594002C1D73 /* Debug */,
				40DF4E1A24E1A594002C1D73 /* Release */,
			);
			defaultConfigurationIsVisible = 0;
			defaultConfigurationName = Release;
		};
		40DF4E1B24E1A594002C1D73 /* Build configuration list for PBXNativeTarget "tdd_testing" */ = {
			isa = XCConfigurationList;
			buildConfigurations = (
				40DF4E1C24E1A594002C1D73 /* Debug */,
				40DF4E1D24E1A594002C1D73 /* Release */,
			);
			defaultConfigurationIsVisible = 0;
			defaultConfigurationName = Release;
		};
		40DF4E1E24E1A594002C1D73 /* Build configuration list for PBXNativeTarget "tdd_testingTests" */ = {
			isa = XCConfigurationList;
			buildConfigurations = (
				40DF4E1F24E1A594002C1D73 /* Debug */,
				40DF4E2024E1A594002C1D73 /* Release */,
			);
			defaultConfigurationIsVisible = 0;
			defaultConfigurationName = Release;
		};
/* End XCConfigurationList section */
	};
	rootObject = 40DF4DF424E1A592002C1D73 /* Project object */;
}
